{
  "requires": true,
  "lockfileVersion": 1,
  "dependencies": {
    "hexo-theme-redefine": {
      "version": "2.1.3",
      "resolved": "https://registry.npmjs.org/hexo-theme-redefine/-/hexo-theme-redefine-2.1.3.tgz",
      "integrity": "sha512-iHAM+mp7BphRmBttMsCnyljNeF9qqod7hsIOoQGaSEyFIuKDKovFiiGVUVh9ywJB5vdlVNf+ZLlfgxdSzMsjQA=="
    }
  }
}
